# generated by rye
# use `rye lock` or `rye sync` to update this lockfile
#
# last locked with the following flags:
#   pre: false
#   features: []
#   all-features: false
#   with-sources: false
#   generate-hashes: false
#   universal: false

-e file:.
astroid==3.1.0
    # via pylint
babel==2.14.0
    # via fava
    # via flask-babel
beancount==2.3.6
    # via beanquery
    # via fava
beanquery==0.1.dev0
    # via fava-dashboards
beautifulsoup4==4.12.3
    # via beancount
black==24.3.0
blinker==1.7.0
    # via flask
bottle==0.12.25
    # via beancount
cachetools==5.3.3
    # via google-auth
certifi==2024.2.2
    # via requests
chardet==5.2.0
    # via beancount
charset-normalizer==3.3.2
    # via requests
cheroot==10.0.0
    # via fava
click==8.1.7
    # via beanquery
    # via black
    # via fava
    # via flask
dill==0.3.8
    # via pylint
fava==1.27.3
    # via fava-dashboards
flask==3.0.2
    # via fava
    # via flask-babel
flask-babel==4.0.0
    # via fava
google-api-core==2.17.1
    # via google-api-python-client
google-api-python-client==2.122.0
    # via beancount
google-auth==2.29.0
    # via google-api-core
    # via google-api-python-client
    # via google-auth-httplib2
google-auth-httplib2==0.2.0
    # via google-api-python-client
googleapis-common-protos==1.63.0
    # via google-api-core
httplib2==0.22.0
    # via google-api-python-client
    # via google-auth-httplib2
idna==3.6
    # via requests
iniconfig==2.0.0
    # via pytest
isort==5.13.2
    # via pylint
itsdangerous==2.1.2
    # via flask
jaraco-functools==4.0.0
    # via cheroot
jinja2==3.1.3
    # via fava
    # via flask
    # via flask-babel
lxml==5.1.0
    # via beancount
markdown2==2.4.13
    # via fava
markupsafe==2.1.5
    # via jinja2
    # via werkzeug
mccabe==0.7.0
    # via pylint
more-itertools==10.2.0
    # via cheroot
    # via jaraco-functools
mypy==1.9.0
mypy-extensions==1.0.0
    # via black
    # via mypy
packaging==24.0
    # via black
    # via pytest
pathspec==0.12.1
    # via black
pdfminer2==20151206
    # via beancount
platformdirs==4.2.0
    # via black
    # via pylint
pluggy==1.4.0
    # via pytest
ply==3.11
    # via beancount
    # via fava
protobuf==4.25.3
    # via google-api-core
    # via googleapis-common-protos
pyasn1==0.5.1
    # via pyasn1-modules
    # via rsa
pyasn1-modules==0.3.0
    # via google-auth
pylint==3.1.0
pyparsing==3.1.2
    # via httplib2
pytest==8.1.1
    # via beancount
python-dateutil==2.9.0.post0
    # via beancount
    # via beanquery
python-magic==0.4.27
    # via beancount
pytz==2024.1
    # via flask-babel
pyyaml==6.0.1
    # via fava-dashboards
requests==2.31.0
    # via beancount
    # via google-api-core
rsa==4.9
    # via google-auth
simplejson==3.19.2
    # via fava
six==1.16.0
    # via pdfminer2
    # via python-dateutil
soupsieve==2.5
    # via beautifulsoup4
tatsu==5.7.4
    # via beanquery
tomlkit==0.12.4
    # via pylint
types-pyyaml==6.0.12.20240311
typing-extensions==4.10.0
    # via mypy
uritemplate==4.1.1
    # via google-api-python-client
urllib3==2.2.1
    # via requests
werkzeug==3.0.1
    # via fava
    # via flask
